{
  "name": "prompt-manager-test-project",
  "version": "1.0.0",
  "lockfileVersion": 2,
  "requires": true,
  "packages": {
    "": {
      "name": "prompt-manager-test-project",
      "version": "1.0.0",
      "dependencies": {
        "prompt-manager": "file:../.."
      },
      "devDependencies": {
        "typescript": "^5.0.0"
      }
    },
    "../..": {
      "version": "1.0.0",
      "license": "MIT",
      "dependencies": {
        "@types/bun": "^1.1.6",
        "commander": "^12.1.0",
        "cosmiconfig": "^9.0.0",
        "fs-extra": "^11.2.0"
      },
      "bin": {
        "prompt-manager": "dist/index.js"
      },
      "devDependencies": {
        "@types/fs-extra": "^11.0.4",
        "@types/node": "^20.14.12",
        "concurrently": "^8.2.2",
        "oxlint": "^0.6.1",
        "pre-commit": "^1.2.2",
        "ts-node": "^10.9.2",
        "tsup": "^8.2.3",
        "typescript": "^5.5.4"
      },
      "peerDependencies": {
        "typescript": ">=4.0.0"
      }
    },
    "node_modules/prompt-manager": {
      "resolved": "../..",
      "link": true
    },
    "node_modules/typescript": {
      "version": "5.5.4",
      "resolved": "https://registry.npmjs.org/typescript/-/typescript-5.5.4.tgz",
      "integrity": "sha512-Mtq29sKDAEYP7aljRgtPOpTvOfbwRWlS6dPRzwjdE+C0R4brX/GUyhHSecbHMFLNBLcJIPt9nl9yG5TZ1weH+Q==",
      "dev": true,
      "bin": {
        "tsc": "bin/tsc",
        "tsserver": "bin/tsserver"
      },
      "engines": {
        "node": ">=14.17"
      }
    }
  },
  "dependencies": {
    "prompt-manager": {
      "version": "file:../..",
      "requires": {
        "@types/bun": "^1.1.6",
        "@types/fs-extra": "^11.0.4",
        "@types/node": "^20.14.12",
        "commander": "^12.1.0",
        "concurrently": "^8.2.2",
        "cosmiconfig": "^9.0.0",
        "fs-extra": "^11.2.0",
        "oxlint": "^0.6.1",
        "pre-commit": "^1.2.2",
        "ts-node": "^10.9.2",
        "tsup": "^8.2.3",
        "typescript": "^5.5.4"
      }
    },
    "typescript": {
      "version": "5.5.4",
      "resolved": "https://registry.npmjs.org/typescript/-/typescript-5.5.4.tgz",
      "integrity": "sha512-Mtq29sKDAEYP7aljRgtPOpTvOfbwRWlS6dPRzwjdE+C0R4brX/GUyhHSecbHMFLNBLcJIPt9nl9yG5TZ1weH+Q==",
      "dev": true
    }
  }
}
